github.com/golang-jwt/jwt/v5 v5.0.0 h1:1n1XNM9hk7O9mnQoNBGolZvzebBQ7p93ULHRc28XJUE=
github.com/golang-jwt/jwt/v5 v5.0.0/go.mod h1:pqrtFR0X4osieyHYxtmOUWsAWrfe1Q5UVIyoH402zdk=
github.com/google/uuid v1.3.1 h1:KjJaJ9iWZ3jOFZIf1Lqf4laDRCasjl0BCmnEGxkdLb4=
github.com/google/uuid v1.3.1/go.mod h1:TIyPZe4MgqvfeYDBFedMoGGpEw/LqOeaOT+nhxU+yHo=
github.com/smartwalle/dbc v0.0.20 h1:hGg5Dr7sDwfqWukv/EQ7Q7pxQ0l3bXRE9vy1W4mDEkk=
github.com/smartwalle/dbc v0.0.20/go.mod h1:mO9WdNrdrwUW2Ty2H6hF17aEFXySxQwKmmoJa9wO+AQ=
github.com/smartwalle/ncrypto v1.0.4 h1:P2rqQxDepJwgeO5ShoC+wGcK2wNJDmcdBOWAksuIgx8=
github.com/smartwalle/ncrypto v1.0.4/go.mod h1:Dwlp6sfeNaPMnOxMNayMTacvC5JGEVln3CVdiVDgbBk=
github.com/smartwalle/ngx v1.0.12 h1:jcoCyu/0HtQ1y/gbiSLzqOUZcHnVLlKOmm0awRF7Mcg=
github.com/smartwalle/ngx v1.0.12/go.mod h1:mx/nz2Pk5j+RBs7t6u6k22MPiBG/8CtOMpCnALIG8Y0=
github.com/smartwalle/queue v0.0.4 h1:h2YfM/I1yjPOQjMkhPOVuN5cSk62fRPqzqhlyZ/5zDA=
github.com/smartwalle/queue v0.0.4/go.mod h1:zMEHt/7zLtVwATDUQi3OdBUlbQ2XUzWd7OXP8p/684c=
golang.org/x/sync v0.7.0 h1:YsImfSBoP9QPYL0xyKJPq0gcaJdG3rInoqxTWbfQu9M=
golang.org/x/sync v0.7.0/go.mod h1:Czt+wKu1gCyEFDUtn0jG5QVvpJ6rzVqr5aXyt9drQfk=
