github.com/golang-jwt/jwt/v5 v5.0.0 h1:1n1XNM9hk7O9mnQoNBGolZvzebBQ7p93ULHRc28XJUE=
github.com/golang-jwt/jwt/v5 v5.0.0/go.mod h1:pqrtFR0X4osieyHYxtmOUWsAWrfe1Q5UVIyoH402zdk=
github.com/google/uuid v1.3.0 h1:t6JiXgmwXMjEs8VusXIJk2BXHsn+wx8BZdTaoZ5fu7I=
github.com/google/uuid v1.3.0/go.mod h1:TIyPZe4MgqvfeYDBFedMoGGpEw/LqOeaOT+nhxU+yHo=
github.com/smartwalle/dbc v0.0.18 h1:HeAebZJDCuATkPLfIZnFFyK+vMqblL0vacoCWvSyCgk=
github.com/smartwalle/dbc v0.0.18/go.mod h1:JsFDfdJxgPbT/6X4kUw/mDumKIH/f3vKpV5EPIuDfqg=
github.com/smartwalle/ncrypto v1.0.0 h1:nQFxIS3fRgr8V0xRkhnfNQOrcJGPNF6d5XzFwVm79KU=
github.com/smartwalle/ncrypto v1.0.0/go.mod h1:NmCbG0nLnSDnMImEDrjptFKs0PiLThnFkjQSMtGYgs4=
github.com/smartwalle/ncrypto v1.0.1 h1:CVe/h/srt6knLiF/9V5OnDDhguskWR801meHizq7KmU=
github.com/smartwalle/ncrypto v1.0.1/go.mod h1:Dwlp6sfeNaPMnOxMNayMTacvC5JGEVln3CVdiVDgbBk=
github.com/smartwalle/ngx v1.0.5 h1:L31bGSybA/h9jh2/Aj6+oqjgKl4PU5Vzt6Kh+ewCEqI=
github.com/smartwalle/ngx v1.0.5/go.mod h1:mx/nz2Pk5j+RBs7t6u6k22MPiBG/8CtOMpCnALIG8Y0=
github.com/smartwalle/ngx v1.0.6 h1:JPNqNOIj+2nxxFtrSkJO+vKJfeNUSEQueck/Wworjps=
github.com/smartwalle/ngx v1.0.6/go.mod h1:mx/nz2Pk5j+RBs7t6u6k22MPiBG/8CtOMpCnALIG8Y0=
github.com/smartwalle/nsync v0.0.4 h1:QEiw/THw0oiyxMVvUhcoTKPN6r4v3oBVqiYQoHIMAy0=
github.com/smartwalle/nsync v0.0.4/go.mod h1:nMMP9E4eXlpDrSW8amkScDfrwyQt7VKpG2PJzeS6U+I=
github.com/smartwalle/queue v0.0.3 h1:6QpTliu/gS2vdk/vXXDU8WEcC0/d/M/Ft+xXxkv9kRw=
github.com/smartwalle/queue v0.0.3/go.mod h1:zMEHt/7zLtVwATDUQi3OdBUlbQ2XUzWd7OXP8p/684c=
